
Microsoft Visual Studio Solution File, Format Version 12.00
# Visual Studio Version 16
VisualStudioVersion = 16.0.810.17
MinimumVisualStudioVersion = 10.0.40219.1
Project("{FAE04EC0-301F-11D3-BF4B-00C04F79EFBC}") = "T4_Kattis_Bela", "T4_Kattis_Bela\T4_Kattis_Bela.csproj", "{9663A441-8499-4CB1-8C98-2A8B2F8C1266}"
EndProject
Global
	GlobalSection(SolutionConfigurationPlatforms) = preSolution
		Debug|Any CPU = Debug|Any CPU
		Release|Any CPU = Release|Any CPU
	EndGlobalSection
	GlobalSection(ProjectConfigurationPlatforms) = postSolution
		{9663A441-8499-4CB1-8C98-2A8B2F8C1266}.Debug|Any CPU.ActiveCfg = Debug|Any CPU
		{9663A441-8499-4CB1-8C98-2A8B2F8C1266}.Debug|Any CPU.Build.0 = Debug|Any CPU
		{9663A441-8499-4CB1-8C98-2A8B2F8C1266}.Release|Any CPU.ActiveCfg = Release|Any CPU
		{9663A441-8499-4CB1-8C98-2A8B2F8C1266}.Release|Any CPU.Build.0 = Release|Any CPU
	EndGlobalSection
	GlobalSection(SolutionProperties) = preSolution
		HideSolutionNode = FALSE
	EndGlobalSection
	GlobalSection(ExtensibilityGlobals) = postSolution
		SolutionGuid = {3B62F508-F184-4A8F-9995-F1D68F0B5FDF}
	EndGlobalSection
EndGlobal
